
Microsoft Visual Studio Solution File, Format Version 12.00
# Visual Studio Version 16
VisualStudioVersion = 16.0.30011.22
MinimumVisualStudioVersion = 10.0.40219.1
Project("{9A19103F-16F7-4668-BE54-9A1E7A4F7556}") = "Ecommerce.API", "Ecommerce.API\Ecommerce.API.csproj", "{3F1A7FE5-9A04-4972-8657-B06910664F23}"
EndProject
Project("{9A19103F-16F7-4668-BE54-9A1E7A4F7556}") = "Ecommerce.Core", "Ecommerce.Core\Ecommerce.Core.csproj", "{B8778DFE-C476-42A6-A204-E9DD257C1A3D}"
EndProject
Project("{2150E333-8FDC-42A3-9474-1A3956D46DE8}") = "src", "src", "{478F2135-BA2D-4569-8C68-CAE6E4D0B1A2}"
EndProject
Project("{2150E333-8FDC-42A3-9474-1A3956D46DE8}") = "test", "test", "{1A3D3A22-95DC-459F-B610-C2F455DD13AD}"
EndProject
Project("{9A19103F-16F7-4668-BE54-9A1E7A4F7556}") = "Ecommerce.Test.Core", "Ecommerce.Test.Core\Ecommerce.Test.Core.csproj", "{3556B316-0172-4803-97BD-B76966F60DB6}"
EndProject
Project("{9A19103F-16F7-4668-BE54-9A1E7A4F7556}") = "Ecommerce.Business.Services.IntegrationTest", "Ecommerce.Business.Services.IntegrationTest\Ecommerce.Business.Services.IntegrationTest.csproj", "{EAC495A6-7A17-4E21-8215-C9F76602453F}"
EndProject
Project("{FAE04EC0-301F-11D3-BF4B-00C04F79EFBC}") = "Ecommerce.BusinessLogic", "Ecommerce.BusinessLogic\Ecommerce.BusinessLogic.csproj", "{345A12DA-4FBB-460F-B9AC-8785D9E28077}"
EndProject
Project("{FAE04EC0-301F-11D3-BF4B-00C04F79EFBC}") = "Ecommerce.Domain", "Ecommerce.Domain\Ecommerce.Domain.csproj", "{AB16C9FA-FF08-46D8-9591-A8570DCF2EE0}"
EndProject
Global
	GlobalSection(SolutionConfigurationPlatforms) = preSolution
		Debug|Any CPU = Debug|Any CPU
		Release|Any CPU = Release|Any CPU
	EndGlobalSection
	GlobalSection(ProjectConfigurationPlatforms) = postSolution
		{3F1A7FE5-9A04-4972-8657-B06910664F23}.Debug|Any CPU.ActiveCfg = Debug|Any CPU
		{3F1A7FE5-9A04-4972-8657-B06910664F23}.Debug|Any CPU.Build.0 = Debug|Any CPU
		{3F1A7FE5-9A04-4972-8657-B06910664F23}.Release|Any CPU.ActiveCfg = Release|Any CPU
		{3F1A7FE5-9A04-4972-8657-B06910664F23}.Release|Any CPU.Build.0 = Release|Any CPU
		{B8778DFE-C476-42A6-A204-E9DD257C1A3D}.Debug|Any CPU.ActiveCfg = Debug|Any CPU
		{B8778DFE-C476-42A6-A204-E9DD257C1A3D}.Debug|Any CPU.Build.0 = Debug|Any CPU
		{B8778DFE-C476-42A6-A204-E9DD257C1A3D}.Release|Any CPU.ActiveCfg = Release|Any CPU
		{B8778DFE-C476-42A6-A204-E9DD257C1A3D}.Release|Any CPU.Build.0 = Release|Any CPU
		{3556B316-0172-4803-97BD-B76966F60DB6}.Debug|Any CPU.ActiveCfg = Debug|Any CPU
		{3556B316-0172-4803-97BD-B76966F60DB6}.Debug|Any CPU.Build.0 = Debug|Any CPU
		{3556B316-0172-4803-97BD-B76966F60DB6}.Release|Any CPU.ActiveCfg = Release|Any CPU
		{3556B316-0172-4803-97BD-B76966F60DB6}.Release|Any CPU.Build.0 = Release|Any CPU
		{EAC495A6-7A17-4E21-8215-C9F76602453F}.Debug|Any CPU.ActiveCfg = Debug|Any CPU
		{EAC495A6-7A17-4E21-8215-C9F76602453F}.Debug|Any CPU.Build.0 = Debug|Any CPU
		{EAC495A6-7A17-4E21-8215-C9F76602453F}.Release|Any CPU.ActiveCfg = Release|Any CPU
		{EAC495A6-7A17-4E21-8215-C9F76602453F}.Release|Any CPU.Build.0 = Release|Any CPU
		{345A12DA-4FBB-460F-B9AC-8785D9E28077}.Debug|Any CPU.ActiveCfg = Debug|Any CPU
		{345A12DA-4FBB-460F-B9AC-8785D9E28077}.Debug|Any CPU.Build.0 = Debug|Any CPU
		{345A12DA-4FBB-460F-B9AC-8785D9E28077}.Release|Any CPU.ActiveCfg = Release|Any CPU
		{345A12DA-4FBB-460F-B9AC-8785D9E28077}.Release|Any CPU.Build.0 = Release|Any CPU
		{AB16C9FA-FF08-46D8-9591-A8570DCF2EE0}.Debug|Any CPU.ActiveCfg = Debug|Any CPU
		{AB16C9FA-FF08-46D8-9591-A8570DCF2EE0}.Debug|Any CPU.Build.0 = Debug|Any CPU
		{AB16C9FA-FF08-46D8-9591-A8570DCF2EE0}.Release|Any CPU.ActiveCfg = Release|Any CPU
		{AB16C9FA-FF08-46D8-9591-A8570DCF2EE0}.Release|Any CPU.Build.0 = Release|Any CPU
	EndGlobalSection
	GlobalSection(SolutionProperties) = preSolution
		HideSolutionNode = FALSE
	EndGlobalSection
	GlobalSection(NestedProjects) = preSolution
		{3F1A7FE5-9A04-4972-8657-B06910664F23} = {478F2135-BA2D-4569-8C68-CAE6E4D0B1A2}
		{B8778DFE-C476-42A6-A204-E9DD257C1A3D} = {478F2135-BA2D-4569-8C68-CAE6E4D0B1A2}
		{3556B316-0172-4803-97BD-B76966F60DB6} = {1A3D3A22-95DC-459F-B610-C2F455DD13AD}
		{EAC495A6-7A17-4E21-8215-C9F76602453F} = {1A3D3A22-95DC-459F-B610-C2F455DD13AD}
		{345A12DA-4FBB-460F-B9AC-8785D9E28077} = {478F2135-BA2D-4569-8C68-CAE6E4D0B1A2}
		{AB16C9FA-FF08-46D8-9591-A8570DCF2EE0} = {478F2135-BA2D-4569-8C68-CAE6E4D0B1A2}
	EndGlobalSection
	GlobalSection(ExtensibilityGlobals) = postSolution
		SolutionGuid = {AE4A6B25-3B5C-4C44-9228-88E156D6CFAA}
	EndGlobalSection
EndGlobal
