
Microsoft Visual Studio Solution File, Format Version 12.00
# Visual Studio Version 16
VisualStudioVersion = 16.0.30011.22
MinimumVisualStudioVersion = 10.0.40219.1
Project("{FAE04EC0-301F-11D3-BF4B-00C04F79EFBC}") = "API", "API\API.csproj", "{FA92FCF1-2CAA-4454-A50C-5C7BB89B3469}"
EndProject
Global
	GlobalSection(SolutionConfigurationPlatforms) = preSolution
		Debug|Any CPU = Debug|Any CPU
		Release|Any CPU = Release|Any CPU
	EndGlobalSection
	GlobalSection(ProjectConfigurationPlatforms) = postSolution
		{FA92FCF1-2CAA-4454-A50C-5C7BB89B3469}.Debug|Any CPU.ActiveCfg = Debug|Any CPU
		{FA92FCF1-2CAA-4454-A50C-5C7BB89B3469}.Debug|Any CPU.Build.0 = Debug|Any CPU
		{FA92FCF1-2CAA-4454-A50C-5C7BB89B3469}.Release|Any CPU.ActiveCfg = Release|Any CPU
		{FA92FCF1-2CAA-4454-A50C-5C7BB89B3469}.Release|Any CPU.Build.0 = Release|Any CPU
	EndGlobalSection
	GlobalSection(SolutionProperties) = preSolution
		HideSolutionNode = FALSE
	EndGlobalSection
	GlobalSection(ExtensibilityGlobals) = postSolution
		SolutionGuid = {AE4A6B25-3B5C-4C44-9228-88E156D6CFAA}
	EndGlobalSection
EndGlobal
