
Microsoft Visual Studio Solution File, Format Version 12.00
# Visual Studio Version 16
VisualStudioVersion = 16.0.30011.22
MinimumVisualStudioVersion = 10.0.40219.1
Project("{9A19103F-16F7-4668-BE54-9A1E7A4F7556}") = "Ecommerce.API", "Ecommerce.API\Ecommerce.API.csproj", "{3F1A7FE5-9A04-4972-8657-B06910664F23}"
EndProject
Project("{9A19103F-16F7-4668-BE54-9A1E7A4F7556}") = "Ecommerce.Core", "Ecommerce.Core\Ecommerce.Core.csproj", "{B8778DFE-C476-42A6-A204-E9DD257C1A3D}"
EndProject
Project("{9A19103F-16F7-4668-BE54-9A1E7A4F7556}") = "Ecommerce.Domain.DAL", "Ecommerce.Domain.DAL\Ecommerce.Domain.DAL.csproj", "{C6B96653-91DE-41C6-B90D-E17F92156C6D}"
EndProject
Project("{9A19103F-16F7-4668-BE54-9A1E7A4F7556}") = "Ecommerce.Domain.Model", "Ecommerce.Domain.Model\Ecommerce.Domain.Model.csproj", "{63058B78-33D8-44DA-9151-277FB32F56C7}"
EndProject
Project("{2150E333-8FDC-42A3-9474-1A3956D46DE8}") = "src", "src", "{478F2135-BA2D-4569-8C68-CAE6E4D0B1A2}"
EndProject
Project("{2150E333-8FDC-42A3-9474-1A3956D46DE8}") = "test", "test", "{1A3D3A22-95DC-459F-B610-C2F455DD13AD}"
EndProject
Project("{9A19103F-16F7-4668-BE54-9A1E7A4F7556}") = "Ecommerce.Business.Services", "Ecommerce.Business.Services\Ecommerce.Business.Services.csproj", "{31D83ACA-57E3-4D44-B166-3DF193494AFD}"
EndProject
Project("{9A19103F-16F7-4668-BE54-9A1E7A4F7556}") = "Ecommerce.Domain.Repositories", "Ecommerce.Domain.Repositories\Ecommerce.Domain.Repositories.csproj", "{21B2F3EB-39C4-4178-A4E4-155B4BFE7935}"
EndProject
Project("{9A19103F-16F7-4668-BE54-9A1E7A4F7556}") = "Ecommerce.Business.Dto", "Ecommerce.Business.Dto\Ecommerce.Business.Dto.csproj", "{B9154BCB-D077-45D9-A10E-A82C853EB126}"
EndProject
Project("{9A19103F-16F7-4668-BE54-9A1E7A4F7556}") = "Ecommerce.Core.UnitTest", "Ecommerce.Core.UnitTest\Ecommerce.Core.UnitTest.csproj", "{60CD0E97-6C64-4406-9F8F-EB8975E9F374}"
EndProject
Project("{9A19103F-16F7-4668-BE54-9A1E7A4F7556}") = "Ecommerce.Test.Core", "Ecommerce.Test.Core\Ecommerce.Test.Core.csproj", "{3556B316-0172-4803-97BD-B76966F60DB6}"
EndProject
Project("{FAE04EC0-301F-11D3-BF4B-00C04F79EFBC}") = "Ecommerce.Business.Services.IntegrationTest", "Ecommerce.Business.Services.IntegrationTest\Ecommerce.Business.Services.IntegrationTest.csproj", "{EAC495A6-7A17-4E21-8215-C9F76602453F}"
EndProject
Global
	GlobalSection(SolutionConfigurationPlatforms) = preSolution
		Debug|Any CPU = Debug|Any CPU
		Release|Any CPU = Release|Any CPU
	EndGlobalSection
	GlobalSection(ProjectConfigurationPlatforms) = postSolution
		{3F1A7FE5-9A04-4972-8657-B06910664F23}.Debug|Any CPU.ActiveCfg = Debug|Any CPU
		{3F1A7FE5-9A04-4972-8657-B06910664F23}.Debug|Any CPU.Build.0 = Debug|Any CPU
		{3F1A7FE5-9A04-4972-8657-B06910664F23}.Release|Any CPU.ActiveCfg = Release|Any CPU
		{3F1A7FE5-9A04-4972-8657-B06910664F23}.Release|Any CPU.Build.0 = Release|Any CPU
		{B8778DFE-C476-42A6-A204-E9DD257C1A3D}.Debug|Any CPU.ActiveCfg = Debug|Any CPU
		{B8778DFE-C476-42A6-A204-E9DD257C1A3D}.Debug|Any CPU.Build.0 = Debug|Any CPU
		{B8778DFE-C476-42A6-A204-E9DD257C1A3D}.Release|Any CPU.ActiveCfg = Release|Any CPU
		{B8778DFE-C476-42A6-A204-E9DD257C1A3D}.Release|Any CPU.Build.0 = Release|Any CPU
		{C6B96653-91DE-41C6-B90D-E17F92156C6D}.Debug|Any CPU.ActiveCfg = Debug|Any CPU
		{C6B96653-91DE-41C6-B90D-E17F92156C6D}.Debug|Any CPU.Build.0 = Debug|Any CPU
		{C6B96653-91DE-41C6-B90D-E17F92156C6D}.Release|Any CPU.ActiveCfg = Release|Any CPU
		{C6B96653-91DE-41C6-B90D-E17F92156C6D}.Release|Any CPU.Build.0 = Release|Any CPU
		{63058B78-33D8-44DA-9151-277FB32F56C7}.Debug|Any CPU.ActiveCfg = Debug|Any CPU
		{63058B78-33D8-44DA-9151-277FB32F56C7}.Debug|Any CPU.Build.0 = Debug|Any CPU
		{63058B78-33D8-44DA-9151-277FB32F56C7}.Release|Any CPU.ActiveCfg = Release|Any CPU
		{63058B78-33D8-44DA-9151-277FB32F56C7}.Release|Any CPU.Build.0 = Release|Any CPU
		{31D83ACA-57E3-4D44-B166-3DF193494AFD}.Debug|Any CPU.ActiveCfg = Debug|Any CPU
		{31D83ACA-57E3-4D44-B166-3DF193494AFD}.Debug|Any CPU.Build.0 = Debug|Any CPU
		{31D83ACA-57E3-4D44-B166-3DF193494AFD}.Release|Any CPU.ActiveCfg = Release|Any CPU
		{31D83ACA-57E3-4D44-B166-3DF193494AFD}.Release|Any CPU.Build.0 = Release|Any CPU
		{21B2F3EB-39C4-4178-A4E4-155B4BFE7935}.Debug|Any CPU.ActiveCfg = Debug|Any CPU
		{21B2F3EB-39C4-4178-A4E4-155B4BFE7935}.Debug|Any CPU.Build.0 = Debug|Any CPU
		{21B2F3EB-39C4-4178-A4E4-155B4BFE7935}.Release|Any CPU.ActiveCfg = Release|Any CPU
		{21B2F3EB-39C4-4178-A4E4-155B4BFE7935}.Release|Any CPU.Build.0 = Release|Any CPU
		{B9154BCB-D077-45D9-A10E-A82C853EB126}.Debug|Any CPU.ActiveCfg = Debug|Any CPU
		{B9154BCB-D077-45D9-A10E-A82C853EB126}.Debug|Any CPU.Build.0 = Debug|Any CPU
		{B9154BCB-D077-45D9-A10E-A82C853EB126}.Release|Any CPU.ActiveCfg = Release|Any CPU
		{B9154BCB-D077-45D9-A10E-A82C853EB126}.Release|Any CPU.Build.0 = Release|Any CPU
		{60CD0E97-6C64-4406-9F8F-EB8975E9F374}.Debug|Any CPU.ActiveCfg = Debug|Any CPU
		{60CD0E97-6C64-4406-9F8F-EB8975E9F374}.Debug|Any CPU.Build.0 = Debug|Any CPU
		{60CD0E97-6C64-4406-9F8F-EB8975E9F374}.Release|Any CPU.ActiveCfg = Release|Any CPU
		{60CD0E97-6C64-4406-9F8F-EB8975E9F374}.Release|Any CPU.Build.0 = Release|Any CPU
		{3556B316-0172-4803-97BD-B76966F60DB6}.Debug|Any CPU.ActiveCfg = Debug|Any CPU
		{3556B316-0172-4803-97BD-B76966F60DB6}.Debug|Any CPU.Build.0 = Debug|Any CPU
		{3556B316-0172-4803-97BD-B76966F60DB6}.Release|Any CPU.ActiveCfg = Release|Any CPU
		{3556B316-0172-4803-97BD-B76966F60DB6}.Release|Any CPU.Build.0 = Release|Any CPU
		{EAC495A6-7A17-4E21-8215-C9F76602453F}.Debug|Any CPU.ActiveCfg = Debug|Any CPU
		{EAC495A6-7A17-4E21-8215-C9F76602453F}.Debug|Any CPU.Build.0 = Debug|Any CPU
		{EAC495A6-7A17-4E21-8215-C9F76602453F}.Release|Any CPU.ActiveCfg = Release|Any CPU
		{EAC495A6-7A17-4E21-8215-C9F76602453F}.Release|Any CPU.Build.0 = Release|Any CPU
	EndGlobalSection
	GlobalSection(SolutionProperties) = preSolution
		HideSolutionNode = FALSE
	EndGlobalSection
	GlobalSection(NestedProjects) = preSolution
		{3F1A7FE5-9A04-4972-8657-B06910664F23} = {478F2135-BA2D-4569-8C68-CAE6E4D0B1A2}
		{B8778DFE-C476-42A6-A204-E9DD257C1A3D} = {478F2135-BA2D-4569-8C68-CAE6E4D0B1A2}
		{C6B96653-91DE-41C6-B90D-E17F92156C6D} = {478F2135-BA2D-4569-8C68-CAE6E4D0B1A2}
		{63058B78-33D8-44DA-9151-277FB32F56C7} = {478F2135-BA2D-4569-8C68-CAE6E4D0B1A2}
		{31D83ACA-57E3-4D44-B166-3DF193494AFD} = {478F2135-BA2D-4569-8C68-CAE6E4D0B1A2}
		{21B2F3EB-39C4-4178-A4E4-155B4BFE7935} = {478F2135-BA2D-4569-8C68-CAE6E4D0B1A2}
		{B9154BCB-D077-45D9-A10E-A82C853EB126} = {478F2135-BA2D-4569-8C68-CAE6E4D0B1A2}
		{60CD0E97-6C64-4406-9F8F-EB8975E9F374} = {1A3D3A22-95DC-459F-B610-C2F455DD13AD}
		{3556B316-0172-4803-97BD-B76966F60DB6} = {1A3D3A22-95DC-459F-B610-C2F455DD13AD}
		{EAC495A6-7A17-4E21-8215-C9F76602453F} = {1A3D3A22-95DC-459F-B610-C2F455DD13AD}
	EndGlobalSection
	GlobalSection(ExtensibilityGlobals) = postSolution
		SolutionGuid = {AE4A6B25-3B5C-4C44-9228-88E156D6CFAA}
	EndGlobalSection
EndGlobal
